
Microsoft Visual Studio Solution File, Format Version 12.00
# Visual Studio Version 16
VisualStudioVersion = 16.0.31402.337
MinimumVisualStudioVersion = 10.0.40219.1
Project("{FAE04EC0-301F-11D3-BF4B-00C04F79EFBC}") = "WebApplication7", "WebApplication7\WebApplication7.csproj", "{55C23F2E-996F-4DB9-BD43-EC9A814F2B8C}"
EndProject
Global
	GlobalSection(SolutionConfigurationPlatforms) = preSolution
		Debug|Any CPU = Debug|Any CPU
		Release|Any CPU = Release|Any CPU
	EndGlobalSection
	GlobalSection(ProjectConfigurationPlatforms) = postSolution
		{55C23F2E-996F-4DB9-BD43-EC9A814F2B8C}.Debug|Any CPU.ActiveCfg = Debug|Any CPU
		{55C23F2E-996F-4DB9-BD43-EC9A814F2B8C}.Debug|Any CPU.Build.0 = Debug|Any CPU
		{55C23F2E-996F-4DB9-BD43-EC9A814F2B8C}.Release|Any CPU.ActiveCfg = Release|Any CPU
		{55C23F2E-996F-4DB9-BD43-EC9A814F2B8C}.Release|Any CPU.Build.0 = Release|Any CPU
	EndGlobalSection
	GlobalSection(SolutionProperties) = preSolution
		HideSolutionNode = FALSE
	EndGlobalSection
	GlobalSection(ExtensibilityGlobals) = postSolution
		SolutionGuid = {3CA0C7A9-38BD-416C-BF6D-13048800BA69}
	EndGlobalSection
EndGlobal
